
Microsoft Visual Studio Solution File, Format Version 12.00
# Visual Studio 15
Project("{FAE04EC0-301F-11D3-BF4B-00C04F79EFBC}") = "UnityEngine.TestRunner", "UnityEngine.TestRunner.csproj", "{5CD72224-F94F-C0DC-3884-AA40F565609F}"
EndProject
Project("{FAE04EC0-301F-11D3-BF4B-00C04F79EFBC}") = "UnityEngine.UI", "UnityEngine.UI.csproj", "{532B1183-CF95-814C-4047-6DD4D0530971}"
EndProject
Project("{FAE04EC0-301F-11D3-BF4B-00C04F79EFBC}") = "Unity.Timeline", "Unity.Timeline.csproj", "{12F921B2-F5F4-F7EC-442C-EC4C85592F51}"
EndProject
Project("{FAE04EC0-301F-11D3-BF4B-00C04F79EFBC}") = "Unity.TextMeshPro", "Unity.TextMeshPro.csproj", "{461644E7-590C-5827-93D8-F289D028030D}"
EndProject
Project("{FAE04EC0-301F-11D3-BF4B-00C04F79EFBC}") = "Assembly-CSharp", "Assembly-CSharp.csproj", "{3C2FD4F9-657B-D83C-A67A-F16E62F505E0}"
EndProject
Project("{FAE04EC0-301F-11D3-BF4B-00C04F79EFBC}") = "Unity.Timeline.Editor", "Unity.Timeline.Editor.csproj", "{51F34C2F-4102-209B-1968-C02BEBE03415}"
EndProject
Project("{FAE04EC0-301F-11D3-BF4B-00C04F79EFBC}") = "UnityEditor.TestRunner", "UnityEditor.TestRunner.csproj", "{BE587D90-8CC0-5DEE-679B-7DC1028DE3BC}"
EndProject
Project("{FAE04EC0-301F-11D3-BF4B-00C04F79EFBC}") = "UnityEditor.UI", "UnityEditor.UI.csproj", "{C1332211-A7DB-9BB9-9208-C7B9CDFEE376}"
EndProject
Project("{FAE04EC0-301F-11D3-BF4B-00C04F79EFBC}") = "Unity.VisualStudio.Editor", "Unity.VisualStudio.Editor.csproj", "{AF030B9C-F567-310E-A8DA-F98FB8D368F1}"
EndProject
Project("{FAE04EC0-301F-11D3-BF4B-00C04F79EFBC}") = "Unity.TextMeshPro.Editor", "Unity.TextMeshPro.Editor.csproj", "{D842A954-901D-AE3D-5568-3C28268E8591}"
EndProject
Project("{FAE04EC0-301F-11D3-BF4B-00C04F79EFBC}") = "Unity.CollabProxy.Editor", "Unity.CollabProxy.Editor.csproj", "{9EC1444B-B075-C244-18B1-8099770CD85A}"
EndProject
Project("{FAE04EC0-301F-11D3-BF4B-00C04F79EFBC}") = "Unity.VSCode.Editor", "Unity.VSCode.Editor.csproj", "{11DC27CA-7A87-9661-5253-9D75A4F92504}"
EndProject
Project("{FAE04EC0-301F-11D3-BF4B-00C04F79EFBC}") = "Unity.Rider.Editor", "Unity.Rider.Editor.csproj", "{966466DB-2D77-990F-9F01-BE336F147C16}"
EndProject
Project("{FAE04EC0-301F-11D3-BF4B-00C04F79EFBC}") = "UnityEngine.TestRunner", "UnityEngine.TestRunner.Player.csproj", "{41C03B6A-3DBD-576E-FEC6-C5C7E3F6CC28}"
EndProject
Project("{FAE04EC0-301F-11D3-BF4B-00C04F79EFBC}") = "UnityEngine.UI", "UnityEngine.UI.Player.csproj", "{A52D00F0-CA21-DBED-01E5-D88B071A42EB}"
EndProject
Project("{FAE04EC0-301F-11D3-BF4B-00C04F79EFBC}") = "Unity.Timeline", "Unity.Timeline.Player.csproj", "{1ED2C903-18A5-2947-40E7-018390F491B6}"
EndProject
Project("{FAE04EC0-301F-11D3-BF4B-00C04F79EFBC}") = "Unity.TextMeshPro", "Unity.TextMeshPro.Player.csproj", "{00B043E1-5259-759B-8D9A-BE904D15884D}"
EndProject
Project("{FAE04EC0-301F-11D3-BF4B-00C04F79EFBC}") = "Assembly-CSharp", "Assembly-CSharp.Player.csproj", "{24985EBA-0DE5-2AEF-804C-DD3DC408E1BD}"
EndProject
Global
	GlobalSection(SolutionConfigurationPlatforms) = preSolution
		Debug|Any CPU = Debug|Any CPU
		Release|Any CPU = Release|Any CPU
	EndGlobalSection
	GlobalSection(ProjectConfigurationPlatforms) = postSolution
		{5CD72224-F94F-C0DC-3884-AA40F565609F}.Debug|Any CPU.ActiveCfg = Debug|Any CPU
		{5CD72224-F94F-C0DC-3884-AA40F565609F}.Debug|Any CPU.Build.0 = Debug|Any CPU
		{5CD72224-F94F-C0DC-3884-AA40F565609F}.Release|Any CPU.ActiveCfg = Release|Any CPU
		{5CD72224-F94F-C0DC-3884-AA40F565609F}.Release|Any CPU.Build.0 = Release|Any CPU
		{532B1183-CF95-814C-4047-6DD4D0530971}.Debug|Any CPU.ActiveCfg = Debug|Any CPU
		{532B1183-CF95-814C-4047-6DD4D0530971}.Debug|Any CPU.Build.0 = Debug|Any CPU
		{532B1183-CF95-814C-4047-6DD4D0530971}.Release|Any CPU.ActiveCfg = Release|Any CPU
		{532B1183-CF95-814C-4047-6DD4D0530971}.Release|Any CPU.Build.0 = Release|Any CPU
		{12F921B2-F5F4-F7EC-442C-EC4C85592F51}.Debug|Any CPU.ActiveCfg = Debug|Any CPU
		{12F921B2-F5F4-F7EC-442C-EC4C85592F51}.Debug|Any CPU.Build.0 = Debug|Any CPU
		{12F921B2-F5F4-F7EC-442C-EC4C85592F51}.Release|Any CPU.ActiveCfg = Release|Any CPU
		{12F921B2-F5F4-F7EC-442C-EC4C85592F51}.Release|Any CPU.Build.0 = Release|Any CPU
		{461644E7-590C-5827-93D8-F289D028030D}.Debug|Any CPU.ActiveCfg = Debug|Any CPU
		{461644E7-590C-5827-93D8-F289D028030D}.Debug|Any CPU.Build.0 = Debug|Any CPU
		{461644E7-590C-5827-93D8-F289D028030D}.Release|Any CPU.ActiveCfg = Release|Any CPU
		{461644E7-590C-5827-93D8-F289D028030D}.Release|Any CPU.Build.0 = Release|Any CPU
		{3C2FD4F9-657B-D83C-A67A-F16E62F505E0}.Debug|Any CPU.ActiveCfg = Debug|Any CPU
		{3C2FD4F9-657B-D83C-A67A-F16E62F505E0}.Debug|Any CPU.Build.0 = Debug|Any CPU
		{3C2FD4F9-657B-D83C-A67A-F16E62F505E0}.Release|Any CPU.ActiveCfg = Release|Any CPU
		{3C2FD4F9-657B-D83C-A67A-F16E62F505E0}.Release|Any CPU.Build.0 = Release|Any CPU
		{51F34C2F-4102-209B-1968-C02BEBE03415}.Debug|Any CPU.ActiveCfg = Debug|Any CPU
		{51F34C2F-4102-209B-1968-C02BEBE03415}.Debug|Any CPU.Build.0 = Debug|Any CPU
		{51F34C2F-4102-209B-1968-C02BEBE03415}.Release|Any CPU.ActiveCfg = Release|Any CPU
		{51F34C2F-4102-209B-1968-C02BEBE03415}.Release|Any CPU.Build.0 = Release|Any CPU
		{BE587D90-8CC0-5DEE-679B-7DC1028DE3BC}.Debug|Any CPU.ActiveCfg = Debug|Any CPU
		{BE587D90-8CC0-5DEE-679B-7DC1028DE3BC}.Debug|Any CPU.Build.0 = Debug|Any CPU
		{BE587D90-8CC0-5DEE-679B-7DC1028DE3BC}.Release|Any CPU.ActiveCfg = Release|Any CPU
		{BE587D90-8CC0-5DEE-679B-7DC1028DE3BC}.Release|Any CPU.Build.0 = Release|Any CPU
		{C1332211-A7DB-9BB9-9208-C7B9CDFEE376}.Debug|Any CPU.ActiveCfg = Debug|Any CPU
		{C1332211-A7DB-9BB9-9208-C7B9CDFEE376}.Debug|Any CPU.Build.0 = Debug|Any CPU
		{C1332211-A7DB-9BB9-9208-C7B9CDFEE376}.Release|Any CPU.ActiveCfg = Release|Any CPU
		{C1332211-A7DB-9BB9-9208-C7B9CDFEE376}.Release|Any CPU.Build.0 = Release|Any CPU
		{AF030B9C-F567-310E-A8DA-F98FB8D368F1}.Debug|Any CPU.ActiveCfg = Debug|Any CPU
		{AF030B9C-F567-310E-A8DA-F98FB8D368F1}.Debug|Any CPU.Build.0 = Debug|Any CPU
		{AF030B9C-F567-310E-A8DA-F98FB8D368F1}.Release|Any CPU.ActiveCfg = Release|Any CPU
		{AF030B9C-F567-310E-A8DA-F98FB8D368F1}.Release|Any CPU.Build.0 = Release|Any CPU
		{D842A954-901D-AE3D-5568-3C28268E8591}.Debug|Any CPU.ActiveCfg = Debug|Any CPU
		{D842A954-901D-AE3D-5568-3C28268E8591}.Debug|Any CPU.Build.0 = Debug|Any CPU
		{D842A954-901D-AE3D-5568-3C28268E8591}.Release|Any CPU.ActiveCfg = Release|Any CPU
		{D842A954-901D-AE3D-5568-3C28268E8591}.Release|Any CPU.Build.0 = Release|Any CPU
		{9EC1444B-B075-C244-18B1-8099770CD85A}.Debug|Any CPU.ActiveCfg = Debug|Any CPU
		{9EC1444B-B075-C244-18B1-8099770CD85A}.Debug|Any CPU.Build.0 = Debug|Any CPU
		{9EC1444B-B075-C244-18B1-8099770CD85A}.Release|Any CPU.ActiveCfg = Release|Any CPU
		{9EC1444B-B075-C244-18B1-8099770CD85A}.Release|Any CPU.Build.0 = Release|Any CPU
		{11DC27CA-7A87-9661-5253-9D75A4F92504}.Debug|Any CPU.ActiveCfg = Debug|Any CPU
		{11DC27CA-7A87-9661-5253-9D75A4F92504}.Debug|Any CPU.Build.0 = Debug|Any CPU
		{11DC27CA-7A87-9661-5253-9D75A4F92504}.Release|Any CPU.ActiveCfg = Release|Any CPU
		{11DC27CA-7A87-9661-5253-9D75A4F92504}.Release|Any CPU.Build.0 = Release|Any CPU
		{966466DB-2D77-990F-9F01-BE336F147C16}.Debug|Any CPU.ActiveCfg = Debug|Any CPU
		{966466DB-2D77-990F-9F01-BE336F147C16}.Debug|Any CPU.Build.0 = Debug|Any CPU
		{966466DB-2D77-990F-9F01-BE336F147C16}.Release|Any CPU.ActiveCfg = Release|Any CPU
		{966466DB-2D77-990F-9F01-BE336F147C16}.Release|Any CPU.Build.0 = Release|Any CPU
		{41C03B6A-3DBD-576E-FEC6-C5C7E3F6CC28}.Debug|Any CPU.ActiveCfg = Debug|Any CPU
		{41C03B6A-3DBD-576E-FEC6-C5C7E3F6CC28}.Debug|Any CPU.Build.0 = Debug|Any CPU
		{41C03B6A-3DBD-576E-FEC6-C5C7E3F6CC28}.Release|Any CPU.ActiveCfg = Release|Any CPU
		{41C03B6A-3DBD-576E-FEC6-C5C7E3F6CC28}.Release|Any CPU.Build.0 = Release|Any CPU
		{A52D00F0-CA21-DBED-01E5-D88B071A42EB}.Debug|Any CPU.ActiveCfg = Debug|Any CPU
		{A52D00F0-CA21-DBED-01E5-D88B071A42EB}.Debug|Any CPU.Build.0 = Debug|Any CPU
		{A52D00F0-CA21-DBED-01E5-D88B071A42EB}.Release|Any CPU.ActiveCfg = Release|Any CPU
		{A52D00F0-CA21-DBED-01E5-D88B071A42EB}.Release|Any CPU.Build.0 = Release|Any CPU
		{1ED2C903-18A5-2947-40E7-018390F491B6}.Debug|Any CPU.ActiveCfg = Debug|Any CPU
		{1ED2C903-18A5-2947-40E7-018390F491B6}.Debug|Any CPU.Build.0 = Debug|Any CPU
		{1ED2C903-18A5-2947-40E7-018390F491B6}.Release|Any CPU.ActiveCfg = Release|Any CPU
		{1ED2C903-18A5-2947-40E7-018390F491B6}.Release|Any CPU.Build.0 = Release|Any CPU
		{00B043E1-5259-759B-8D9A-BE904D15884D}.Debug|Any CPU.ActiveCfg = Debug|Any CPU
		{00B043E1-5259-759B-8D9A-BE904D15884D}.Debug|Any CPU.Build.0 = Debug|Any CPU
		{00B043E1-5259-759B-8D9A-BE904D15884D}.Release|Any CPU.ActiveCfg = Release|Any CPU
		{00B043E1-5259-759B-8D9A-BE904D15884D}.Release|Any CPU.Build.0 = Release|Any CPU
		{24985EBA-0DE5-2AEF-804C-DD3DC408E1BD}.Debug|Any CPU.ActiveCfg = Debug|Any CPU
		{24985EBA-0DE5-2AEF-804C-DD3DC408E1BD}.Debug|Any CPU.Build.0 = Debug|Any CPU
		{24985EBA-0DE5-2AEF-804C-DD3DC408E1BD}.Release|Any CPU.ActiveCfg = Release|Any CPU
		{24985EBA-0DE5-2AEF-804C-DD3DC408E1BD}.Release|Any CPU.Build.0 = Release|Any CPU
	EndGlobalSection
	GlobalSection(SolutionProperties) = preSolution
		HideSolutionNode = FALSE
	EndGlobalSection
EndGlobal
